// !$*UTF8*$!
{
	archiveVersion = 1;
	classes = {
	};
	objectVersion = 46;
	objects = {

/* Begin PBXBuildFile section */
		6003F5B0195388D20070C39A /* XCTest.framework in Frameworks */ = {isa = PBXBuildFile; fileRef = 6003F5AF195388D20070C39A /* XCTest.framework */; };
		6003F5B1195388D20070C39A /* Foundation.framework in Frameworks */ = {isa = PBXBuildFile; fileRef = 6003F58D195388D20070C39A /* Foundation.framework */; };
		6003F5BA195388D20070C39A /* InfoPlist.strings in Resources */ = {isa = PBXBuildFile; fileRef = 6003F5B8195388D20070C39A /* InfoPlist.strings */; };
		A6C5B9234EB49F2FAAD6A6A7 /* Pods_AzureClientRuntime_Tests.framework in Frameworks */ = {isa = PBXBuildFile; fileRef = C19B6FFE1C5BBE9BFFE9324F /* Pods_AzureClientRuntime_Tests.framework */; };
		C89023462191143D00ECFF82 /* FL_AutoRestSwaggerBATFileServiceServiceTests.m in Sources */ = {isa = PBXBuildFile; fileRef = C890233D2191143D00ECFF82 /* FL_AutoRestSwaggerBATFileServiceServiceTests.m */; };
		C89023472191143D00ECFF82 /* FL_Error.m in Sources */ = {isa = PBXBuildFile; fileRef = C89023412191143D00ECFF82 /* FL_Error.m */; };
		C89023482191143D00ECFF82 /* FL_Files.m in Sources */ = {isa = PBXBuildFile; fileRef = C89023432191143D00ECFF82 /* FL_Files.m */; };
		C89023492191143D00ECFF82 /* FL_AutoRestSwaggerBATFileServiceService.m in Sources */ = {isa = PBXBuildFile; fileRef = C89023452191143D00ECFF82 /* FL_AutoRestSwaggerBATFileServiceService.m */; };
		C8902358219115BA00ECFF82 /* ARR_Error.m in Sources */ = {isa = PBXBuildFile; fileRef = C890234D219115BA00ECFF82 /* ARR_Error.m */; };
		C8902359219115BA00ECFF82 /* ARR_FooEnum.m in Sources */ = {isa = PBXBuildFile; fileRef = C890234F219115BA00ECFF82 /* ARR_FooEnum.m */; };
		C890235A219115BA00ECFF82 /* ARR_Product.m in Sources */ = {isa = PBXBuildFile; fileRef = C8902351219115BA00ECFF82 /* ARR_Product.m */; };
		C890235B219115BA00ECFF82 /* ARR_Arrays.m in Sources */ = {isa = PBXBuildFile; fileRef = C8902354219115BA00ECFF82 /* ARR_Arrays.m */; };
		C890235C219115BA00ECFF82 /* ARR_AutoRestSwaggerBATArrayServiceServiceTests.m in Sources */ = {isa = PBXBuildFile; fileRef = C8902356219115BA00ECFF82 /* ARR_AutoRestSwaggerBATArrayServiceServiceTests.m */; };
		C890235D219115BA00ECFF82 /* ARR_AutoRestSwaggerBATArrayServiceService.m in Sources */ = {isa = PBXBuildFile; fileRef = C8902357219115BA00ECFF82 /* ARR_AutoRestSwaggerBATArrayServiceService.m */; };
		C89024432192238E00ECFF82 /* CLX_AutoRestComplexTestServiceService.m in Sources */ = {isa = PBXBuildFile; fileRef = C89023EC2192238E00ECFF82 /* CLX_AutoRestComplexTestServiceService.m */; };
		C89024442192238E00ECFF82 /* CLX_DictionaryWrapper.m in Sources */ = {isa = PBXBuildFile; fileRef = C89023EE2192238E00ECFF82 /* CLX_DictionaryWrapper.m */; };
		C89024452192238E00ECFF82 /* CLX_SmartSalmon.m in Sources */ = {isa = PBXBuildFile; fileRef = C89023EF2192238E00ECFF82 /* CLX_SmartSalmon.m */; };
		C89024462192238E00ECFF82 /* CLX_BooleanWrapper.m in Sources */ = {isa = PBXBuildFile; fileRef = C89023F32192238E00ECFF82 /* CLX_BooleanWrapper.m */; };
		C89024472192238E00ECFF82 /* CLX_LongWrapper.m in Sources */ = {isa = PBXBuildFile; fileRef = C89023F62192238E00ECFF82 /* CLX_LongWrapper.m */; };
		C89024482192238E00ECFF82 /* CLX_Sawshark.m in Sources */ = {isa = PBXBuildFile; fileRef = C89023F92192238E00ECFF82 /* CLX_Sawshark.m */; };
		C89024492192238E00ECFF82 /* CLX_Shark.m in Sources */ = {isa = PBXBuildFile; fileRef = C89023FA2192238E00ECFF82 /* CLX_Shark.m */; };
		C890244A2192238E00ECFF82 /* CLX_DateWrapper.m in Sources */ = {isa = PBXBuildFile; fileRef = C89023FD2192238E00ECFF82 /* CLX_DateWrapper.m */; };
		C890244B2192238E00ECFF82 /* CLX_ArrayWrapper.m in Sources */ = {isa = PBXBuildFile; fileRef = C89023FE2192238E00ECFF82 /* CLX_ArrayWrapper.m */; };
		C890244C2192238E00ECFF82 /* CLX_StringWrapper.m in Sources */ = {isa = PBXBuildFile; fileRef = C89023FF2192238E00ECFF82 /* CLX_StringWrapper.m */; };
		C890244D2192238E00ECFF82 /* CLX_Cat.m in Sources */ = {isa = PBXBuildFile; fileRef = C89024002192238E00ECFF82 /* CLX_Cat.m */; };
		C890244E2192238E00ECFF82 /* CLX_DoubleWrapper.m in Sources */ = {isa = PBXBuildFile; fileRef = C89024012192238E00ECFF82 /* CLX_DoubleWrapper.m */; };
		C890244F2192238E00ECFF82 /* CLX_Datetimerfc1123Wrapper.m in Sources */ = {isa = PBXBuildFile; fileRef = C89024052192238E00ECFF82 /* CLX_Datetimerfc1123Wrapper.m */; };
		C89024502192238E00ECFF82 /* CLX_Pet.m in Sources */ = {isa = PBXBuildFile; fileRef = C89024062192238E00ECFF82 /* CLX_Pet.m */; };
		C89024512192238E00ECFF82 /* CLX_FloatWrapper.m in Sources */ = {isa = PBXBuildFile; fileRef = C89024092192238E00ECFF82 /* CLX_FloatWrapper.m */; };
		C89024522192238E00ECFF82 /* CLX_ReadonlyObj.m in Sources */ = {isa = PBXBuildFile; fileRef = C890240A2192238E00ECFF82 /* CLX_ReadonlyObj.m */; };
		C89024532192238E00ECFF82 /* CLX_GoblinSharkColor.m in Sources */ = {isa = PBXBuildFile; fileRef = C890240B2192238E00ECFF82 /* CLX_GoblinSharkColor.m */; };
		C89024542192238E00ECFF82 /* CLX_Siamese.m in Sources */ = {isa = PBXBuildFile; fileRef = C890240C2192238E00ECFF82 /* CLX_Siamese.m */; };
		C89024552192238E00ECFF82 /* CLX_Basic.m in Sources */ = {isa = PBXBuildFile; fileRef = C890240D2192238E00ECFF82 /* CLX_Basic.m */; };
		C89024562192238E00ECFF82 /* CLX_MyDerivedType.m in Sources */ = {isa = PBXBuildFile; fileRef = C890240E2192238E00ECFF82 /* CLX_MyDerivedType.m */; };
		C89024572192238E00ECFF82 /* CLX_Cookiecuttershark.m in Sources */ = {isa = PBXBuildFile; fileRef = C89024122192238E00ECFF82 /* CLX_Cookiecuttershark.m */; };
		C89024582192238E00ECFF82 /* CLX_Goblinshark.m in Sources */ = {isa = PBXBuildFile; fileRef = C89024132192238E00ECFF82 /* CLX_Goblinshark.m */; };
		C89024592192238E00ECFF82 /* CLX_CMYKColors.m in Sources */ = {isa = PBXBuildFile; fileRef = C89024152192238E00ECFF82 /* CLX_CMYKColors.m */; };
		C890245A2192238E00ECFF82 /* CLX_IntWrapper.m in Sources */ = {isa = PBXBuildFile; fileRef = C89024162192238E00ECFF82 /* CLX_IntWrapper.m */; };
		C890245B2192238E00ECFF82 /* CLX_DurationWrapper.m in Sources */ = {isa = PBXBuildFile; fileRef = C89024182192238E00ECFF82 /* CLX_DurationWrapper.m */; };
		C890245C2192238E00ECFF82 /* CLX_MyKind.m in Sources */ = {isa = PBXBuildFile; fileRef = C89024192192238E00ECFF82 /* CLX_MyKind.m */; };
		C890245D2192238E00ECFF82 /* CLX_MyBaseType.m in Sources */ = {isa = PBXBuildFile; fileRef = C890241B2192238E00ECFF82 /* CLX_MyBaseType.m */; };
		C890245E2192238E00ECFF82 /* CLX_Salmon.m in Sources */ = {isa = PBXBuildFile; fileRef = C890241C2192238E00ECFF82 /* CLX_Salmon.m */; };
		C890245F2192238E00ECFF82 /* CLX_DatetimeWrapper.m in Sources */ = {isa = PBXBuildFile; fileRef = C890241D2192238E00ECFF82 /* CLX_DatetimeWrapper.m */; };
		C89024602192238E00ECFF82 /* CLX_Dog.m in Sources */ = {isa = PBXBuildFile; fileRef = C89024222192238E00ECFF82 /* CLX_Dog.m */; };
		C89024612192238E00ECFF82 /* CLX_ByteWrapper.m in Sources */ = {isa = PBXBuildFile; fileRef = C89024232192238E00ECFF82 /* CLX_ByteWrapper.m */; };
		C89024622192238E00ECFF82 /* CLX_Fish.m in Sources */ = {isa = PBXBuildFile; fileRef = C890242B2192238E00ECFF82 /* CLX_Fish.m */; };
		C89024632192238E00ECFF82 /* CLX_Error.m in Sources */ = {isa = PBXBuildFile; fileRef = C890242C2192238E00ECFF82 /* CLX_Error.m */; };
		C89024642192238E00ECFF82 /* CLX_Inheritances.m in Sources */ = {isa = PBXBuildFile; fileRef = C89024302192238E00ECFF82 /* CLX_Inheritances.m */; };
		C89024652192238E00ECFF82 /* CLX_Basics.m in Sources */ = {isa = PBXBuildFile; fileRef = C89024312192238E00ECFF82 /* CLX_Basics.m */; };
		C89024662192238E00ECFF82 /* CLX_Flattencomplexs.m in Sources */ = {isa = PBXBuildFile; fileRef = C89024322192238E00ECFF82 /* CLX_Flattencomplexs.m */; };
		C89024672192238E00ECFF82 /* CLX_Polymorphicrecursives.m in Sources */ = {isa = PBXBuildFile; fileRef = C89024342192238E00ECFF82 /* CLX_Polymorphicrecursives.m */; };
		C89024682192238E00ECFF82 /* CLX_Dictionarys.m in Sources */ = {isa = PBXBuildFile; fileRef = C89024352192238E00ECFF82 /* CLX_Dictionarys.m */; };
		C89024692192238E00ECFF82 /* CLX_Arrays.m in Sources */ = {isa = PBXBuildFile; fileRef = C89024372192238E00ECFF82 /* CLX_Arrays.m */; };
		C890246A2192238E00ECFF82 /* CLX_Polymorphisms.m in Sources */ = {isa = PBXBuildFile; fileRef = C89024382192238E00ECFF82 /* CLX_Polymorphisms.m */; };
		C890246B2192238E00ECFF82 /* CLX_Readonlypropertys.m in Sources */ = {isa = PBXBuildFile; fileRef = C890243B2192238E00ECFF82 /* CLX_Readonlypropertys.m */; };
		C890246C2192238E00ECFF82 /* CLX_Primitives.m in Sources */ = {isa = PBXBuildFile; fileRef = C890243E2192238E00ECFF82 /* CLX_Primitives.m */; };
		C890246D2192238E00ECFF82 /* CLX_AutoRestComplexTestServiceServiceTests.m in Sources */ = {isa = PBXBuildFile; fileRef = C89024412192238E00ECFF82 /* CLX_AutoRestComplexTestServiceServiceTests.m */; };
		C8FE01B72177F21000D1FD2E /* JsonCoderTests.m in Sources */ = {isa = PBXBuildFile; fileRef = C8FE01B52177F21000D1FD2E /* JsonCoderTests.m */; };
		C8FE01B82177F21000D1FD2E /* RequestHelperTests.m in Sources */ = {isa = PBXBuildFile; fileRef = C8FE01B62177F21000D1FD2E /* RequestHelperTests.m */; };
		C8FE02392177F24C00D1FD2E /* BaseModel.m in Sources */ = {isa = PBXBuildFile; fileRef = C8FE01D12177F24C00D1FD2E /* BaseModel.m */; };
		C8FE023A2177F24C00D1FD2E /* Note.m in Sources */ = {isa = PBXBuildFile; fileRef = C8FE01D22177F24C00D1FD2E /* Note.m */; };
		C8FE023B2177F24C00D1FD2E /* ComplexModel.m in Sources */ = {isa = PBXBuildFile; fileRef = C8FE01D42177F24C00D1FD2E /* ComplexModel.m */; };
		C8FE023C2177F24C00D1FD2E /* SimpleModel.m in Sources */ = {isa = PBXBuildFile; fileRef = C8FE01D72177F24C00D1FD2E /* SimpleModel.m */; };
/* End PBXBuildFile section */

/* Begin PBXFileReference section */
		212BA8904D600DCAD25A10F6 /* Pods-AzureClientRuntime_Tests.debug.xcconfig */ = {isa = PBXFileReference; includeInIndex = 1; lastKnownFileType = text.xcconfig; name = "Pods-AzureClientRuntime_Tests.debug.xcconfig"; path = "Pods/Target Support Files/Pods-AzureClientRuntime_Tests/Pods-AzureClientRuntime_Tests.debug.xcconfig"; sourceTree = "<group>"; };
		3A863BCB79E93733C39BE749 /* README.md */ = {isa = PBXFileReference; includeInIndex = 1; lastKnownFileType = net.daringfireball.markdown; name = README.md; path = ../README.md; sourceTree = "<group>"; };
		523688BA1DD84378BAA2E922 /* AzureClientRuntime.podspec */ = {isa = PBXFileReference; includeInIndex = 1; lastKnownFileType = text; name = AzureClientRuntime.podspec; path = ../AzureClientRuntime.podspec; sourceTree = "<group>"; xcLanguageSpecificationIdentifier = xcode.lang.ruby; };
		6003F58D195388D20070C39A /* Foundation.framework */ = {isa = PBXFileReference; lastKnownFileType = wrapper.framework; name = Foundation.framework; path = System/Library/Frameworks/Foundation.framework; sourceTree = SDKROOT; };
		6003F5AE195388D20070C39A /* AzureClientRuntime_Tests.xctest */ = {isa = PBXFileReference; explicitFileType = wrapper.cfbundle; includeInIndex = 0; path = AzureClientRuntime_Tests.xctest; sourceTree = BUILT_PRODUCTS_DIR; };
		6003F5AF195388D20070C39A /* XCTest.framework */ = {isa = PBXFileReference; lastKnownFileType = wrapper.framework; name = XCTest.framework; path = Library/Frameworks/XCTest.framework; sourceTree = DEVELOPER_DIR; };
		6003F5B7195388D20070C39A /* Tests-Info.plist */ = {isa = PBXFileReference; lastKnownFileType = text.plist.xml; path = "Tests-Info.plist"; sourceTree = "<group>"; };
		6003F5B9195388D20070C39A /* en */ = {isa = PBXFileReference; lastKnownFileType = text.plist.strings; name = en; path = en.lproj/InfoPlist.strings; sourceTree = "<group>"; };
		606FC2411953D9B200FFA9A0 /* Tests-Prefix.pch */ = {isa = PBXFileReference; lastKnownFileType = sourcecode.c.h; path = "Tests-Prefix.pch"; sourceTree = "<group>"; };
		60AD79DAD29F9B0A1D2E70BD /* LICENSE */ = {isa = PBXFileReference; includeInIndex = 1; lastKnownFileType = text; name = LICENSE; path = ../LICENSE; sourceTree = "<group>"; };
		890376FCA6AEF5FCE8A2DF47 /* Pods-AzureClientRuntime_Tests.release.xcconfig */ = {isa = PBXFileReference; includeInIndex = 1; lastKnownFileType = text.xcconfig; name = "Pods-AzureClientRuntime_Tests.release.xcconfig"; path = "Pods/Target Support Files/Pods-AzureClientRuntime_Tests/Pods-AzureClientRuntime_Tests.release.xcconfig"; sourceTree = "<group>"; };
		C19B6FFE1C5BBE9BFFE9324F /* Pods_AzureClientRuntime_Tests.framework */ = {isa = PBXFileReference; explicitFileType = wrapper.framework; includeInIndex = 0; path = Pods_AzureClientRuntime_Tests.framework; sourceTree = BUILT_PRODUCTS_DIR; };
		C890233D2191143D00ECFF82 /* FL_AutoRestSwaggerBATFileServiceServiceTests.m */ = {isa = PBXFileReference; fileEncoding = 4; lastKnownFileType = sourcecode.c.objc; path = FL_AutoRestSwaggerBATFileServiceServiceTests.m; sourceTree = "<group>"; };
		C890233E2191143D00ECFF82 /* FL_AutoRestSwaggerBATFileServiceService.h */ = {isa = PBXFileReference; fileEncoding = 4; lastKnownFileType = sourcecode.c.h; path = FL_AutoRestSwaggerBATFileServiceService.h; sourceTree = "<group>"; };
		C89023402191143D00ECFF82 /* FL_Error.h */ = {isa = PBXFileReference; fileEncoding = 4; lastKnownFileType = sourcecode.c.h; path = FL_Error.h; sourceTree = "<group>"; };
		C89023412191143D00ECFF82 /* FL_Error.m */ = {isa = PBXFileReference; fileEncoding = 4; lastKnownFileType = sourcecode.c.objc; path = FL_Error.m; sourceTree = "<group>"; };
		C89023432191143D00ECFF82 /* FL_Files.m */ = {isa = PBXFileReference; fileEncoding = 4; lastKnownFileType = sourcecode.c.objc; path = FL_Files.m; sourceTree = "<group>"; };
		C89023442191143D00ECFF82 /* FL_Files.h */ = {isa = PBXFileReference; fileEncoding = 4; lastKnownFileType = sourcecode.c.h; path = FL_Files.h; sourceTree = "<group>"; };
		C89023452191143D00ECFF82 /* FL_AutoRestSwaggerBATFileServiceService.m */ = {isa = PBXFileReference; fileEncoding = 4; lastKnownFileType = sourcecode.c.objc; path = FL_AutoRestSwaggerBATFileServiceService.m; sourceTree = "<group>"; };
		C890234B219115BA00ECFF82 /* ARR_AutoRestSwaggerBATArrayServiceService.h */ = {isa = PBXFileReference; fileEncoding = 4; lastKnownFileType = sourcecode.c.h; path = ARR_AutoRestSwaggerBATArrayServiceService.h; sourceTree = "<group>"; };
		C890234D219115BA00ECFF82 /* ARR_Error.m */ = {isa = PBXFileReference; fileEncoding = 4; lastKnownFileType = sourcecode.c.objc; path = ARR_Error.m; sourceTree = "<group>"; };
		C890234E219115BA00ECFF82 /* ARR_Product.h */ = {isa = PBXFileReference; fileEncoding = 4; lastKnownFileType = sourcecode.c.h; path = ARR_Product.h; sourceTree = "<group>"; };
		C890234F219115BA00ECFF82 /* ARR_FooEnum.m */ = {isa = PBXFileReference; fileEncoding = 4; lastKnownFileType = sourcecode.c.objc; path = ARR_FooEnum.m; sourceTree = "<group>"; };
		C8902350219115BA00ECFF82 /* ARR_Error.h */ = {isa = PBXFileReference; fileEncoding = 4; lastKnownFileType = sourcecode.c.h; path = ARR_Error.h; sourceTree = "<group>"; };
		C8902351219115BA00ECFF82 /* ARR_Product.m */ = {isa = PBXFileReference; fileEncoding = 4; lastKnownFileType = sourcecode.c.objc; path = ARR_Product.m; sourceTree = "<group>"; };
		C8902352219115BA00ECFF82 /* ARR_FooEnum.h */ = {isa = PBXFileReference; fileEncoding = 4; lastKnownFileType = sourcecode.c.h; path = ARR_FooEnum.h; sourceTree = "<group>"; };
		C8902354219115BA00ECFF82 /* ARR_Arrays.m */ = {isa = PBXFileReference; fileEncoding = 4; lastKnownFileType = sourcecode.c.objc; path = ARR_Arrays.m; sourceTree = "<group>"; };
		C8902355219115BA00ECFF82 /* ARR_Arrays.h */ = {isa = PBXFileReference; fileEncoding = 4; lastKnownFileType = sourcecode.c.h; path = ARR_Arrays.h; sourceTree = "<group>"; };
		C8902356219115BA00ECFF82 /* ARR_AutoRestSwaggerBATArrayServiceServiceTests.m */ = {isa = PBXFileReference; fileEncoding = 4; lastKnownFileType = sourcecode.c.objc; path = ARR_AutoRestSwaggerBATArrayServiceServiceTests.m; sourceTree = "<group>"; };
		C8902357219115BA00ECFF82 /* ARR_AutoRestSwaggerBATArrayServiceService.m */ = {isa = PBXFileReference; fileEncoding = 4; lastKnownFileType = sourcecode.c.objc; path = ARR_AutoRestSwaggerBATArrayServiceService.m; sourceTree = "<group>"; };
		C89023EC2192238E00ECFF82 /* CLX_AutoRestComplexTestServiceService.m */ = {isa = PBXFileReference; fileEncoding = 4; lastKnownFileType = sourcecode.c.objc; path = CLX_AutoRestComplexTestServiceService.m; sourceTree = "<group>"; };
		C89023EE2192238E00ECFF82 /* CLX_DictionaryWrapper.m */ = {isa = PBXFileReference; fileEncoding = 4; lastKnownFileType = sourcecode.c.objc; path = CLX_DictionaryWrapper.m; sourceTree = "<group>"; };
		C89023EF2192238E00ECFF82 /* CLX_SmartSalmon.m */ = {isa = PBXFileReference; fileEncoding = 4; lastKnownFileType = sourcecode.c.objc; path = CLX_SmartSalmon.m; sourceTree = "<group>"; };
		C89023F02192238E00ECFF82 /* CLX_MyDerivedType.h */ = {isa = PBXFileReference; fileEncoding = 4; lastKnownFileType = sourcecode.c.h; path = CLX_MyDerivedType.h; sourceTree = "<group>"; };
		C89023F12192238E00ECFF82 /* CLX_DurationWrapper.h */ = {isa = PBXFileReference; fileEncoding = 4; lastKnownFileType = sourcecode.c.h; path = CLX_DurationWrapper.h; sourceTree = "<group>"; };
		C89023F22192238E00ECFF82 /* CLX_MyKind.h */ = {isa = PBXFileReference; fileEncoding = 4; lastKnownFileType = sourcecode.c.h; path = CLX_MyKind.h; sourceTree = "<group>"; };
		C89023F32192238E00ECFF82 /* CLX_BooleanWrapper.m */ = {isa = PBXFileReference; fileEncoding = 4; lastKnownFileType = sourcecode.c.objc; path = CLX_BooleanWrapper.m; sourceTree = "<group>"; };
		C89023F42192238E00ECFF82 /* CLX_IntWrapper.h */ = {isa = PBXFileReference; fileEncoding = 4; lastKnownFileType = sourcecode.c.h; path = CLX_IntWrapper.h; sourceTree = "<group>"; };
		C89023F52192238E00ECFF82 /* CLX_CMYKColors.h */ = {isa = PBXFileReference; fileEncoding = 4; lastKnownFileType = sourcecode.c.h; path = CLX_CMYKColors.h; sourceTree = "<group>"; };
		C89023F62192238E00ECFF82 /* CLX_LongWrapper.m */ = {isa = PBXFileReference; fileEncoding = 4; lastKnownFileType = sourcecode.c.objc; path = CLX_LongWrapper.m; sourceTree = "<group>"; };
		C89023F72192238E00ECFF82 /* CLX_Goblinshark.h */ = {isa = PBXFileReference; fileEncoding = 4; lastKnownFileType = sourcecode.c.h; path = CLX_Goblinshark.h; sourceTree = "<group>"; };
		C89023F82192238E00ECFF82 /* CLX_Cookiecuttershark.h */ = {isa = PBXFileReference; fileEncoding = 4; lastKnownFileType = sourcecode.c.h; path = CLX_Cookiecuttershark.h; sourceTree = "<group>"; };
		C89023F92192238E00ECFF82 /* CLX_Sawshark.m */ = {isa = PBXFileReference; fileEncoding = 4; lastKnownFileType = sourcecode.c.objc; path = CLX_Sawshark.m; sourceTree = "<group>"; };
		C89023FA2192238E00ECFF82 /* CLX_Shark.m */ = {isa = PBXFileReference; fileEncoding = 4; lastKnownFileType = sourcecode.c.objc; path = CLX_Shark.m; sourceTree = "<group>"; };
		C89023FB2192238E00ECFF82 /* CLX_ByteWrapper.h */ = {isa = PBXFileReference; fileEncoding = 4; lastKnownFileType = sourcecode.c.h; path = CLX_ByteWrapper.h; sourceTree = "<group>"; };
		C89023FC2192238E00ECFF82 /* CLX_Dog.h */ = {isa = PBXFileReference; fileEncoding = 4; lastKnownFileType = sourcecode.c.h; path = CLX_Dog.h; sourceTree = "<group>"; };
		C89023FD2192238E00ECFF82 /* CLX_DateWrapper.m */ = {isa = PBXFileReference; fileEncoding = 4; lastKnownFileType = sourcecode.c.objc; path = CLX_DateWrapper.m; sourceTree = "<group>"; };
		C89023FE2192238E00ECFF82 /* CLX_ArrayWrapper.m */ = {isa = PBXFileReference; fileEncoding = 4; lastKnownFileType = sourcecode.c.objc; path = CLX_ArrayWrapper.m; sourceTree = "<group>"; };
		C89023FF2192238E00ECFF82 /* CLX_StringWrapper.m */ = {isa = PBXFileReference; fileEncoding = 4; lastKnownFileType = sourcecode.c.objc; path = CLX_StringWrapper.m; sourceTree = "<group>"; };
		C89024002192238E00ECFF82 /* CLX_Cat.m */ = {isa = PBXFileReference; fileEncoding = 4; lastKnownFileType = sourcecode.c.objc; path = CLX_Cat.m; sourceTree = "<group>"; };
		C89024012192238E00ECFF82 /* CLX_DoubleWrapper.m */ = {isa = PBXFileReference; fileEncoding = 4; lastKnownFileType = sourcecode.c.objc; path = CLX_DoubleWrapper.m; sourceTree = "<group>"; };
		C89024022192238E00ECFF82 /* CLX_DatetimeWrapper.h */ = {isa = PBXFileReference; fileEncoding = 4; lastKnownFileType = sourcecode.c.h; path = CLX_DatetimeWrapper.h; sourceTree = "<group>"; };
		C89024032192238E00ECFF82 /* CLX_Salmon.h */ = {isa = PBXFileReference; fileEncoding = 4; lastKnownFileType = sourcecode.c.h; path = CLX_Salmon.h; sourceTree = "<group>"; };
		C89024042192238E00ECFF82 /* CLX_MyBaseType.h */ = {isa = PBXFileReference; fileEncoding = 4; lastKnownFileType = sourcecode.c.h; path = CLX_MyBaseType.h; sourceTree = "<group>"; };
		C89024052192238E00ECFF82 /* CLX_Datetimerfc1123Wrapper.m */ = {isa = PBXFileReference; fileEncoding = 4; lastKnownFileType = sourcecode.c.objc; path = CLX_Datetimerfc1123Wrapper.m; sourceTree = "<group>"; };
		C89024062192238E00ECFF82 /* CLX_Pet.m */ = {isa = PBXFileReference; fileEncoding = 4; lastKnownFileType = sourcecode.c.objc; path = CLX_Pet.m; sourceTree = "<group>"; };
		C89024072192238E00ECFF82 /* CLX_Error.h */ = {isa = PBXFileReference; fileEncoding = 4; lastKnownFileType = sourcecode.c.h; path = CLX_Error.h; sourceTree = "<group>"; };
		C89024082192238E00ECFF82 /* CLX_Fish.h */ = {isa = PBXFileReference; fileEncoding = 4; lastKnownFileType = sourcecode.c.h; path = CLX_Fish.h; sourceTree = "<group>"; };
		C89024092192238E00ECFF82 /* CLX_FloatWrapper.m */ = {isa = PBXFileReference; fileEncoding = 4; lastKnownFileType = sourcecode.c.objc; path = CLX_FloatWrapper.m; sourceTree = "<group>"; };
		C890240A2192238E00ECFF82 /* CLX_ReadonlyObj.m */ = {isa = PBXFileReference; fileEncoding = 4; lastKnownFileType = sourcecode.c.objc; path = CLX_ReadonlyObj.m; sourceTree = "<group>"; };
		C890240B2192238E00ECFF82 /* CLX_GoblinSharkColor.m */ = {isa = PBXFileReference; fileEncoding = 4; lastKnownFileType = sourcecode.c.objc; path = CLX_GoblinSharkColor.m; sourceTree = "<group>"; };
		C890240C2192238E00ECFF82 /* CLX_Siamese.m */ = {isa = PBXFileReference; fileEncoding = 4; lastKnownFileType = sourcecode.c.objc; path = CLX_Siamese.m; sourceTree = "<group>"; };
		C890240D2192238E00ECFF82 /* CLX_Basic.m */ = {isa = PBXFileReference; fileEncoding = 4; lastKnownFileType = sourcecode.c.objc; path = CLX_Basic.m; sourceTree = "<group>"; };
		C890240E2192238E00ECFF82 /* CLX_MyDerivedType.m */ = {isa = PBXFileReference; fileEncoding = 4; lastKnownFileType = sourcecode.c.objc; path = CLX_MyDerivedType.m; sourceTree = "<group>"; };
		C890240F2192238E00ECFF82 /* CLX_SmartSalmon.h */ = {isa = PBXFileReference; fileEncoding = 4; lastKnownFileType = sourcecode.c.h; path = CLX_SmartSalmon.h; sourceTree = "<group>"; };
		C89024102192238E00ECFF82 /* CLX_DictionaryWrapper.h */ = {isa = PBXFileReference; fileEncoding = 4; lastKnownFileType = sourcecode.c.h; path = CLX_DictionaryWrapper.h; sourceTree = "<group>"; };
		C89024112192238E00ECFF82 /* CLX_Sawshark.h */ = {isa = PBXFileReference; fileEncoding = 4; lastKnownFileType = sourcecode.c.h; path = CLX_Sawshark.h; sourceTree = "<group>"; };
		C89024122192238E00ECFF82 /* CLX_Cookiecuttershark.m */ = {isa = PBXFileReference; fileEncoding = 4; lastKnownFileType = sourcecode.c.objc; path = CLX_Cookiecuttershark.m; sourceTree = "<group>"; };
		C89024132192238E00ECFF82 /* CLX_Goblinshark.m */ = {isa = PBXFileReference; fileEncoding = 4; lastKnownFileType = sourcecode.c.objc; path = CLX_Goblinshark.m; sourceTree = "<group>"; };
		C89024142192238E00ECFF82 /* CLX_LongWrapper.h */ = {isa = PBXFileReference; fileEncoding = 4; lastKnownFileType = sourcecode.c.h; path = CLX_LongWrapper.h; sourceTree = "<group>"; };
		C89024152192238E00ECFF82 /* CLX_CMYKColors.m */ = {isa = PBXFileReference; fileEncoding = 4; lastKnownFileType = sourcecode.c.objc; path = CLX_CMYKColors.m; sourceTree = "<group>"; };
		C89024162192238E00ECFF82 /* CLX_IntWrapper.m */ = {isa = PBXFileReference; fileEncoding = 4; lastKnownFileType = sourcecode.c.objc; path = CLX_IntWrapper.m; sourceTree = "<group>"; };
		C89024172192238E00ECFF82 /* CLX_BooleanWrapper.h */ = {isa = PBXFileReference; fileEncoding = 4; lastKnownFileType = sourcecode.c.h; path = CLX_BooleanWrapper.h; sourceTree = "<group>"; };
		C89024182192238E00ECFF82 /* CLX_DurationWrapper.m */ = {isa = PBXFileReference; fileEncoding = 4; lastKnownFileType = sourcecode.c.objc; path = CLX_DurationWrapper.m; sourceTree = "<group>"; };
		C89024192192238E00ECFF82 /* CLX_MyKind.m */ = {isa = PBXFileReference; fileEncoding = 4; lastKnownFileType = sourcecode.c.objc; path = CLX_MyKind.m; sourceTree = "<group>"; };
		C890241A2192238E00ECFF82 /* CLX_Datetimerfc1123Wrapper.h */ = {isa = PBXFileReference; fileEncoding = 4; lastKnownFileType = sourcecode.c.h; path = CLX_Datetimerfc1123Wrapper.h; sourceTree = "<group>"; };
		C890241B2192238E00ECFF82 /* CLX_MyBaseType.m */ = {isa = PBXFileReference; fileEncoding = 4; lastKnownFileType = sourcecode.c.objc; path = CLX_MyBaseType.m; sourceTree = "<group>"; };
		C890241C2192238E00ECFF82 /* CLX_Salmon.m */ = {isa = PBXFileReference; fileEncoding = 4; lastKnownFileType = sourcecode.c.objc; path = CLX_Salmon.m; sourceTree = "<group>"; };
		C890241D2192238E00ECFF82 /* CLX_DatetimeWrapper.m */ = {isa = PBXFileReference; fileEncoding = 4; lastKnownFileType = sourcecode.c.objc; path = CLX_DatetimeWrapper.m; sourceTree = "<group>"; };
		C890241E2192238E00ECFF82 /* CLX_DoubleWrapper.h */ = {isa = PBXFileReference; fileEncoding = 4; lastKnownFileType = sourcecode.c.h; path = CLX_DoubleWrapper.h; sourceTree = "<group>"; };
		C890241F2192238E00ECFF82 /* CLX_Cat.h */ = {isa = PBXFileReference; fileEncoding = 4; lastKnownFileType = sourcecode.c.h; path = CLX_Cat.h; sourceTree = "<group>"; };
		C89024202192238E00ECFF82 /* CLX_ArrayWrapper.h */ = {isa = PBXFileReference; fileEncoding = 4; lastKnownFileType = sourcecode.c.h; path = CLX_ArrayWrapper.h; sourceTree = "<group>"; };
		C89024212192238E00ECFF82 /* CLX_StringWrapper.h */ = {isa = PBXFileReference; fileEncoding = 4; lastKnownFileType = sourcecode.c.h; path = CLX_StringWrapper.h; sourceTree = "<group>"; };
		C89024222192238E00ECFF82 /* CLX_Dog.m */ = {isa = PBXFileReference; fileEncoding = 4; lastKnownFileType = sourcecode.c.objc; path = CLX_Dog.m; sourceTree = "<group>"; };
		C89024232192238E00ECFF82 /* CLX_ByteWrapper.m */ = {isa = PBXFileReference; fileEncoding = 4; lastKnownFileType = sourcecode.c.objc; path = CLX_ByteWrapper.m; sourceTree = "<group>"; };
		C89024242192238E00ECFF82 /* CLX_DateWrapper.h */ = {isa = PBXFileReference; fileEncoding = 4; lastKnownFileType = sourcecode.c.h; path = CLX_DateWrapper.h; sourceTree = "<group>"; };
		C89024252192238E00ECFF82 /* CLX_Shark.h */ = {isa = PBXFileReference; fileEncoding = 4; lastKnownFileType = sourcecode.c.h; path = CLX_Shark.h; sourceTree = "<group>"; };
		C89024262192238E00ECFF82 /* CLX_Basic.h */ = {isa = PBXFileReference; fileEncoding = 4; lastKnownFileType = sourcecode.c.h; path = CLX_Basic.h; sourceTree = "<group>"; };
		C89024272192238E00ECFF82 /* CLX_Siamese.h */ = {isa = PBXFileReference; fileEncoding = 4; lastKnownFileType = sourcecode.c.h; path = CLX_Siamese.h; sourceTree = "<group>"; };
		C89024282192238E00ECFF82 /* CLX_GoblinSharkColor.h */ = {isa = PBXFileReference; fileEncoding = 4; lastKnownFileType = sourcecode.c.h; path = CLX_GoblinSharkColor.h; sourceTree = "<group>"; };
		C89024292192238E00ECFF82 /* CLX_ReadonlyObj.h */ = {isa = PBXFileReference; fileEncoding = 4; lastKnownFileType = sourcecode.c.h; path = CLX_ReadonlyObj.h; sourceTree = "<group>"; };
		C890242A2192238E00ECFF82 /* CLX_FloatWrapper.h */ = {isa = PBXFileReference; fileEncoding = 4; lastKnownFileType = sourcecode.c.h; path = CLX_FloatWrapper.h; sourceTree = "<group>"; };
		C890242B2192238E00ECFF82 /* CLX_Fish.m */ = {isa = PBXFileReference; fileEncoding = 4; lastKnownFileType = sourcecode.c.objc; path = CLX_Fish.m; sourceTree = "<group>"; };
		C890242C2192238E00ECFF82 /* CLX_Error.m */ = {isa = PBXFileReference; fileEncoding = 4; lastKnownFileType = sourcecode.c.objc; path = CLX_Error.m; sourceTree = "<group>"; };
		C890242D2192238E00ECFF82 /* CLX_Pet.h */ = {isa = PBXFileReference; fileEncoding = 4; lastKnownFileType = sourcecode.c.h; path = CLX_Pet.h; sourceTree = "<group>"; };
		C890242F2192238E00ECFF82 /* CLX_Polymorphisms.h */ = {isa = PBXFileReference; fileEncoding = 4; lastKnownFileType = sourcecode.c.h; path = CLX_Polymorphisms.h; sourceTree = "<group>"; };
		C89024302192238E00ECFF82 /* CLX_Inheritances.m */ = {isa = PBXFileReference; fileEncoding = 4; lastKnownFileType = sourcecode.c.objc; path = CLX_Inheritances.m; sourceTree = "<group>"; };
		C89024312192238E00ECFF82 /* CLX_Basics.m */ = {isa = PBXFileReference; fileEncoding = 4; lastKnownFileType = sourcecode.c.objc; path = CLX_Basics.m; sourceTree = "<group>"; };
		C89024322192238E00ECFF82 /* CLX_Flattencomplexs.m */ = {isa = PBXFileReference; fileEncoding = 4; lastKnownFileType = sourcecode.c.objc; path = CLX_Flattencomplexs.m; sourceTree = "<group>"; };
		C89024332192238E00ECFF82 /* CLX_Readonlypropertys.h */ = {isa = PBXFileReference; fileEncoding = 4; lastKnownFileType = sourcecode.c.h; path = CLX_Readonlypropertys.h; sourceTree = "<group>"; };
		C89024342192238E00ECFF82 /* CLX_Polymorphicrecursives.m */ = {isa = PBXFileReference; fileEncoding = 4; lastKnownFileType = sourcecode.c.objc; path = CLX_Polymorphicrecursives.m; sourceTree = "<group>"; };
		C89024352192238E00ECFF82 /* CLX_Dictionarys.m */ = {isa = PBXFileReference; fileEncoding = 4; lastKnownFileType = sourcecode.c.objc; path = CLX_Dictionarys.m; sourceTree = "<group>"; };
		C89024362192238E00ECFF82 /* CLX_Primitives.h */ = {isa = PBXFileReference; fileEncoding = 4; lastKnownFileType = sourcecode.c.h; path = CLX_Primitives.h; sourceTree = "<group>"; };
		C89024372192238E00ECFF82 /* CLX_Arrays.m */ = {isa = PBXFileReference; fileEncoding = 4; lastKnownFileType = sourcecode.c.objc; path = CLX_Arrays.m; sourceTree = "<group>"; };
		C89024382192238E00ECFF82 /* CLX_Polymorphisms.m */ = {isa = PBXFileReference; fileEncoding = 4; lastKnownFileType = sourcecode.c.objc; path = CLX_Polymorphisms.m; sourceTree = "<group>"; };
		C89024392192238E00ECFF82 /* CLX_Basics.h */ = {isa = PBXFileReference; fileEncoding = 4; lastKnownFileType = sourcecode.c.h; path = CLX_Basics.h; sourceTree = "<group>"; };
		C890243A2192238E00ECFF82 /* CLX_Inheritances.h */ = {isa = PBXFileReference; fileEncoding = 4; lastKnownFileType = sourcecode.c.h; path = CLX_Inheritances.h; sourceTree = "<group>"; };
		C890243B2192238E00ECFF82 /* CLX_Readonlypropertys.m */ = {isa = PBXFileReference; fileEncoding = 4; lastKnownFileType = sourcecode.c.objc; path = CLX_Readonlypropertys.m; sourceTree = "<group>"; };
		C890243C2192238E00ECFF82 /* CLX_Flattencomplexs.h */ = {isa = PBXFileReference; fileEncoding = 4; lastKnownFileType = sourcecode.c.h; path = CLX_Flattencomplexs.h; sourceTree = "<group>"; };
		C890243D2192238E00ECFF82 /* CLX_Arrays.h */ = {isa = PBXFileReference; fileEncoding = 4; lastKnownFileType = sourcecode.c.h; path = CLX_Arrays.h; sourceTree = "<group>"; };
		C890243E2192238E00ECFF82 /* CLX_Primitives.m */ = {isa = PBXFileReference; fileEncoding = 4; lastKnownFileType = sourcecode.c.objc; path = CLX_Primitives.m; sourceTree = "<group>"; };
		C890243F2192238E00ECFF82 /* CLX_Dictionarys.h */ = {isa = PBXFileReference; fileEncoding = 4; lastKnownFileType = sourcecode.c.h; path = CLX_Dictionarys.h; sourceTree = "<group>"; };
		C89024402192238E00ECFF82 /* CLX_Polymorphicrecursives.h */ = {isa = PBXFileReference; fileEncoding = 4; lastKnownFileType = sourcecode.c.h; path = CLX_Polymorphicrecursives.h; sourceTree = "<group>"; };
		C89024412192238E00ECFF82 /* CLX_AutoRestComplexTestServiceServiceTests.m */ = {isa = PBXFileReference; fileEncoding = 4; lastKnownFileType = sourcecode.c.objc; path = CLX_AutoRestComplexTestServiceServiceTests.m; sourceTree = "<group>"; };
		C89024422192238E00ECFF82 /* CLX_AutoRestComplexTestServiceService.h */ = {isa = PBXFileReference; fileEncoding = 4; lastKnownFileType = sourcecode.c.h; path = CLX_AutoRestComplexTestServiceService.h; sourceTree = "<group>"; };
		C8FE01B52177F21000D1FD2E /* JsonCoderTests.m */ = {isa = PBXFileReference; fileEncoding = 4; lastKnownFileType = sourcecode.c.objc; path = JsonCoderTests.m; sourceTree = "<group>"; };
		C8FE01B62177F21000D1FD2E /* RequestHelperTests.m */ = {isa = PBXFileReference; fileEncoding = 4; lastKnownFileType = sourcecode.c.objc; path = RequestHelperTests.m; sourceTree = "<group>"; };
		C8FE01D02177F24C00D1FD2E /* ComplexModel.h */ = {isa = PBXFileReference; fileEncoding = 4; lastKnownFileType = sourcecode.c.h; path = ComplexModel.h; sourceTree = "<group>"; };
		C8FE01D12177F24C00D1FD2E /* BaseModel.m */ = {isa = PBXFileReference; fileEncoding = 4; lastKnownFileType = sourcecode.c.objc; path = BaseModel.m; sourceTree = "<group>"; };
		C8FE01D22177F24C00D1FD2E /* Note.m */ = {isa = PBXFileReference; fileEncoding = 4; lastKnownFileType = sourcecode.c.objc; path = Note.m; sourceTree = "<group>"; };
		C8FE01D32177F24C00D1FD2E /* SimpleModel.h */ = {isa = PBXFileReference; fileEncoding = 4; lastKnownFileType = sourcecode.c.h; path = SimpleModel.h; sourceTree = "<group>"; };
		C8FE01D42177F24C00D1FD2E /* ComplexModel.m */ = {isa = PBXFileReference; fileEncoding = 4; lastKnownFileType = sourcecode.c.objc; path = ComplexModel.m; sourceTree = "<group>"; };
		C8FE01D52177F24C00D1FD2E /* BaseModel.h */ = {isa = PBXFileReference; fileEncoding = 4; lastKnownFileType = sourcecode.c.h; path = BaseModel.h; sourceTree = "<group>"; };
		C8FE01D62177F24C00D1FD2E /* Note.h */ = {isa = PBXFileReference; fileEncoding = 4; lastKnownFileType = sourcecode.c.h; path = Note.h; sourceTree = "<group>"; };
		C8FE01D72177F24C00D1FD2E /* SimpleModel.m */ = {isa = PBXFileReference; fileEncoding = 4; lastKnownFileType = sourcecode.c.objc; path = SimpleModel.m; sourceTree = "<group>"; };
/* End PBXFileReference section */

/* Begin PBXFrameworksBuildPhase section */
		6003F5AB195388D20070C39A /* Frameworks */ = {
			isa = PBXFrameworksBuildPhase;
			buildActionMask = 2147483647;
			files = (
				6003F5B0195388D20070C39A /* XCTest.framework in Frameworks */,
				6003F5B1195388D20070C39A /* Foundation.framework in Frameworks */,
				A6C5B9234EB49F2FAAD6A6A7 /* Pods_AzureClientRuntime_Tests.framework in Frameworks */,
			);
			runOnlyForDeploymentPostprocessing = 0;
		};
/* End PBXFrameworksBuildPhase section */

/* Begin PBXGroup section */
		6003F581195388D10070C39A = {
			isa = PBXGroup;
			children = (
				60FF7A9C1954A5C5007DD14C /* Podspec Metadata */,
				6003F5B5195388D20070C39A /* Tests */,
				6003F58C195388D20070C39A /* Frameworks */,
				6003F58B195388D20070C39A /* Products */,
				C185662D0ADB9CB8E3D29BBC /* Pods */,
			);
			sourceTree = "<group>";
		};
		6003F58B195388D20070C39A /* Products */ = {
			isa = PBXGroup;
			children = (
				6003F5AE195388D20070C39A /* AzureClientRuntime_Tests.xctest */,
			);
			name = Products;
			sourceTree = "<group>";
		};
		6003F58C195388D20070C39A /* Frameworks */ = {
			isa = PBXGroup;
			children = (
				6003F58D195388D20070C39A /* Foundation.framework */,
				6003F5AF195388D20070C39A /* XCTest.framework */,
				C19B6FFE1C5BBE9BFFE9324F /* Pods_AzureClientRuntime_Tests.framework */,
			);
			name = Frameworks;
			sourceTree = "<group>";
		};
		6003F5B5195388D20070C39A /* Tests */ = {
			isa = PBXGroup;
			children = (
				C89023EB2192238E00ECFF82 /* clx */,
				C890234A219115BA00ECFF82 /* arr */,
				C890233C2191143D00ECFF82 /* fl */,
				C8FE01CF2177F24C00D1FD2E /* Models */,
				C8FE01B52177F21000D1FD2E /* JsonCoderTests.m */,
				C8FE01B62177F21000D1FD2E /* RequestHelperTests.m */,
				6003F5B6195388D20070C39A /* Supporting Files */,
			);
			path = Tests;
			sourceTree = "<group>";
		};
		6003F5B6195388D20070C39A /* Supporting Files */ = {
			isa = PBXGroup;
			children = (
				6003F5B7195388D20070C39A /* Tests-Info.plist */,
				6003F5B8195388D20070C39A /* InfoPlist.strings */,
				606FC2411953D9B200FFA9A0 /* Tests-Prefix.pch */,
			);
			name = "Supporting Files";
			sourceTree = "<group>";
		};
		60FF7A9C1954A5C5007DD14C /* Podspec Metadata */ = {
			isa = PBXGroup;
			children = (
				523688BA1DD84378BAA2E922 /* AzureClientRuntime.podspec */,
				3A863BCB79E93733C39BE749 /* README.md */,
				60AD79DAD29F9B0A1D2E70BD /* LICENSE */,
			);
			name = "Podspec Metadata";
			sourceTree = "<group>";
		};
		C185662D0ADB9CB8E3D29BBC /* Pods */ = {
			isa = PBXGroup;
			children = (
				212BA8904D600DCAD25A10F6 /* Pods-AzureClientRuntime_Tests.debug.xcconfig */,
				890376FCA6AEF5FCE8A2DF47 /* Pods-AzureClientRuntime_Tests.release.xcconfig */,
			);
			name = Pods;
			sourceTree = "<group>";
		};
		C890233C2191143D00ECFF82 /* fl */ = {
			isa = PBXGroup;
			children = (
				C890233D2191143D00ECFF82 /* FL_AutoRestSwaggerBATFileServiceServiceTests.m */,
				C890233E2191143D00ECFF82 /* FL_AutoRestSwaggerBATFileServiceService.h */,
				C890233F2191143D00ECFF82 /* Models */,
				C89023422191143D00ECFF82 /* Operations */,
				C89023452191143D00ECFF82 /* FL_AutoRestSwaggerBATFileServiceService.m */,
			);
			path = fl;
			sourceTree = "<group>";
		};
		C890233F2191143D00ECFF82 /* Models */ = {
			isa = PBXGroup;
			children = (
				C89023402191143D00ECFF82 /* FL_Error.h */,
				C89023412191143D00ECFF82 /* FL_Error.m */,
			);
			path = Models;
			sourceTree = "<group>";
		};
		C89023422191143D00ECFF82 /* Operations */ = {
			isa = PBXGroup;
			children = (
				C89023432191143D00ECFF82 /* FL_Files.m */,
				C89023442191143D00ECFF82 /* FL_Files.h */,
			);
			path = Operations;
			sourceTree = "<group>";
		};
		C890234A219115BA00ECFF82 /* arr */ = {
			isa = PBXGroup;
			children = (
				C890234B219115BA00ECFF82 /* ARR_AutoRestSwaggerBATArrayServiceService.h */,
				C8902357219115BA00ECFF82 /* ARR_AutoRestSwaggerBATArrayServiceService.m */,
				C8902356219115BA00ECFF82 /* ARR_AutoRestSwaggerBATArrayServiceServiceTests.m */,
				C890234C219115BA00ECFF82 /* Models */,
				C8902353219115BA00ECFF82 /* Operations */,
			);
			path = arr;
			sourceTree = "<group>";
		};
		C890234C219115BA00ECFF82 /* Models */ = {
			isa = PBXGroup;
			children = (
				C890234D219115BA00ECFF82 /* ARR_Error.m */,
				C890234E219115BA00ECFF82 /* ARR_Product.h */,
				C890234F219115BA00ECFF82 /* ARR_FooEnum.m */,
				C8902350219115BA00ECFF82 /* ARR_Error.h */,
				C8902351219115BA00ECFF82 /* ARR_Product.m */,
				C8902352219115BA00ECFF82 /* ARR_FooEnum.h */,
			);
			path = Models;
			sourceTree = "<group>";
		};
		C8902353219115BA00ECFF82 /* Operations */ = {
			isa = PBXGroup;
			children = (
				C8902354219115BA00ECFF82 /* ARR_Arrays.m */,
				C8902355219115BA00ECFF82 /* ARR_Arrays.h */,
			);
			path = Operations;
			sourceTree = "<group>";
		};
		C89023EB2192238E00ECFF82 /* clx */ = {
			isa = PBXGroup;
			children = (
				C89024422192238E00ECFF82 /* CLX_AutoRestComplexTestServiceService.h */,
				C89023EC2192238E00ECFF82 /* CLX_AutoRestComplexTestServiceService.m */,
				C89024412192238E00ECFF82 /* CLX_AutoRestComplexTestServiceServiceTests.m */,
				C89023ED2192238E00ECFF82 /* Models */,
				C890242E2192238E00ECFF82 /* Operations */,
			);
			path = clx;
			sourceTree = "<group>";
		};
		C89023ED2192238E00ECFF82 /* Models */ = {
			isa = PBXGroup;
			children = (
				C89023EE2192238E00ECFF82 /* CLX_DictionaryWrapper.m */,
				C89023EF2192238E00ECFF82 /* CLX_SmartSalmon.m */,
				C89023F02192238E00ECFF82 /* CLX_MyDerivedType.h */,
				C89023F12192238E00ECFF82 /* CLX_DurationWrapper.h */,
				C89023F22192238E00ECFF82 /* CLX_MyKind.h */,
				C89023F32192238E00ECFF82 /* CLX_BooleanWrapper.m */,
				C89023F42192238E00ECFF82 /* CLX_IntWrapper.h */,
				C89023F52192238E00ECFF82 /* CLX_CMYKColors.h */,
				C89023F62192238E00ECFF82 /* CLX_LongWrapper.m */,
				C89023F72192238E00ECFF82 /* CLX_Goblinshark.h */,
				C89023F82192238E00ECFF82 /* CLX_Cookiecuttershark.h */,
				C89023F92192238E00ECFF82 /* CLX_Sawshark.m */,
				C89023FA2192238E00ECFF82 /* CLX_Shark.m */,
				C89023FB2192238E00ECFF82 /* CLX_ByteWrapper.h */,
				C89023FC2192238E00ECFF82 /* CLX_Dog.h */,
				C89023FD2192238E00ECFF82 /* CLX_DateWrapper.m */,
				C89023FE2192238E00ECFF82 /* CLX_ArrayWrapper.m */,
				C89023FF2192238E00ECFF82 /* CLX_StringWrapper.m */,
				C89024002192238E00ECFF82 /* CLX_Cat.m */,
				C89024012192238E00ECFF82 /* CLX_DoubleWrapper.m */,
				C89024022192238E00ECFF82 /* CLX_DatetimeWrapper.h */,
				C89024032192238E00ECFF82 /* CLX_Salmon.h */,
				C89024042192238E00ECFF82 /* CLX_MyBaseType.h */,
				C89024052192238E00ECFF82 /* CLX_Datetimerfc1123Wrapper.m */,
				C89024062192238E00ECFF82 /* CLX_Pet.m */,
				C89024072192238E00ECFF82 /* CLX_Error.h */,
				C89024082192238E00ECFF82 /* CLX_Fish.h */,
				C89024092192238E00ECFF82 /* CLX_FloatWrapper.m */,
				C890240A2192238E00ECFF82 /* CLX_ReadonlyObj.m */,
				C890240B2192238E00ECFF82 /* CLX_GoblinSharkColor.m */,
				C890240C2192238E00ECFF82 /* CLX_Siamese.m */,
				C890240D2192238E00ECFF82 /* CLX_Basic.m */,
				C890240E2192238E00ECFF82 /* CLX_MyDerivedType.m */,
				C890240F2192238E00ECFF82 /* CLX_SmartSalmon.h */,
				C89024102192238E00ECFF82 /* CLX_DictionaryWrapper.h */,
				C89024112192238E00ECFF82 /* CLX_Sawshark.h */,
				C89024122192238E00ECFF82 /* CLX_Cookiecuttershark.m */,
				C89024132192238E00ECFF82 /* CLX_Goblinshark.m */,
				C89024142192238E00ECFF82 /* CLX_LongWrapper.h */,
				C89024152192238E00ECFF82 /* CLX_CMYKColors.m */,
				C89024162192238E00ECFF82 /* CLX_IntWrapper.m */,
				C89024172192238E00ECFF82 /* CLX_BooleanWrapper.h */,
				C89024182192238E00ECFF82 /* CLX_DurationWrapper.m */,
				C89024192192238E00ECFF82 /* CLX_MyKind.m */,
				C890241A2192238E00ECFF82 /* CLX_Datetimerfc1123Wrapper.h */,
				C890241B2192238E00ECFF82 /* CLX_MyBaseType.m */,
				C890241C2192238E00ECFF82 /* CLX_Salmon.m */,
				C890241D2192238E00ECFF82 /* CLX_DatetimeWrapper.m */,
				C890241E2192238E00ECFF82 /* CLX_DoubleWrapper.h */,
				C890241F2192238E00ECFF82 /* CLX_Cat.h */,
				C89024202192238E00ECFF82 /* CLX_ArrayWrapper.h */,
				C89024212192238E00ECFF82 /* CLX_StringWrapper.h */,
				C89024222192238E00ECFF82 /* CLX_Dog.m */,
				C89024232192238E00ECFF82 /* CLX_ByteWrapper.m */,
				C89024242192238E00ECFF82 /* CLX_DateWrapper.h */,
				C89024252192238E00ECFF82 /* CLX_Shark.h */,
				C89024262192238E00ECFF82 /* CLX_Basic.h */,
				C89024272192238E00ECFF82 /* CLX_Siamese.h */,
				C89024282192238E00ECFF82 /* CLX_GoblinSharkColor.h */,
				C89024292192238E00ECFF82 /* CLX_ReadonlyObj.h */,
				C890242A2192238E00ECFF82 /* CLX_FloatWrapper.h */,
				C890242B2192238E00ECFF82 /* CLX_Fish.m */,
				C890242C2192238E00ECFF82 /* CLX_Error.m */,
				C890242D2192238E00ECFF82 /* CLX_Pet.h */,
			);
			path = Models;
			sourceTree = "<group>";
		};
		C890242E2192238E00ECFF82 /* Operations */ = {
			isa = PBXGroup;
			children = (
				C890242F2192238E00ECFF82 /* CLX_Polymorphisms.h */,
				C89024302192238E00ECFF82 /* CLX_Inheritances.m */,
				C89024312192238E00ECFF82 /* CLX_Basics.m */,
				C89024322192238E00ECFF82 /* CLX_Flattencomplexs.m */,
				C89024332192238E00ECFF82 /* CLX_Readonlypropertys.h */,
				C89024342192238E00ECFF82 /* CLX_Polymorphicrecursives.m */,
				C89024352192238E00ECFF82 /* CLX_Dictionarys.m */,
				C89024362192238E00ECFF82 /* CLX_Primitives.h */,
				C89024372192238E00ECFF82 /* CLX_Arrays.m */,
				C89024382192238E00ECFF82 /* CLX_Polymorphisms.m */,
				C89024392192238E00ECFF82 /* CLX_Basics.h */,
				C890243A2192238E00ECFF82 /* CLX_Inheritances.h */,
				C890243B2192238E00ECFF82 /* CLX_Readonlypropertys.m */,
				C890243C2192238E00ECFF82 /* CLX_Flattencomplexs.h */,
				C890243D2192238E00ECFF82 /* CLX_Arrays.h */,
				C890243E2192238E00ECFF82 /* CLX_Primitives.m */,
				C890243F2192238E00ECFF82 /* CLX_Dictionarys.h */,
				C89024402192238E00ECFF82 /* CLX_Polymorphicrecursives.h */,
			);
			path = Operations;
			sourceTree = "<group>";
		};
		C8FE01CF2177F24C00D1FD2E /* Models */ = {
			isa = PBXGroup;
			children = (
				C8FE01D02177F24C00D1FD2E /* ComplexModel.h */,
				C8FE01D12177F24C00D1FD2E /* BaseModel.m */,
				C8FE01D22177F24C00D1FD2E /* Note.m */,
				C8FE01D32177F24C00D1FD2E /* SimpleModel.h */,
				C8FE01D42177F24C00D1FD2E /* ComplexModel.m */,
				C8FE01D52177F24C00D1FD2E /* BaseModel.h */,
				C8FE01D62177F24C00D1FD2E /* Note.h */,
				C8FE01D72177F24C00D1FD2E /* SimpleModel.m */,
			);
			path = Models;
			sourceTree = "<group>";
		};
/* End PBXGroup section */

/* Begin PBXNativeTarget section */
		6003F5AD195388D20070C39A /* AzureClientRuntime_Tests */ = {
			isa = PBXNativeTarget;
			buildConfigurationList = 6003F5C2195388D20070C39A /* Build configuration list for PBXNativeTarget "AzureClientRuntime_Tests" */;
			buildPhases = (
				2C16CFF96841EDFC7ACD69B1 /* [CP] Check Pods Manifest.lock */,
				6003F5AA195388D20070C39A /* Sources */,
				6003F5AB195388D20070C39A /* Frameworks */,
				6003F5AC195388D20070C39A /* Resources */,
				BA324CCC30CBC2D985E5AC84 /* [CP] Embed Pods Frameworks */,
			);
			buildRules = (
			);
			dependencies = (
			);
			name = AzureClientRuntime_Tests;
			productName = AzureClientRuntimeTests;
			productReference = 6003F5AE195388D20070C39A /* AzureClientRuntime_Tests.xctest */;
			productType = "com.apple.product-type.bundle.unit-test";
		};
/* End PBXNativeTarget section */

/* Begin PBXProject section */
		6003F582195388D10070C39A /* Project object */ = {
			isa = PBXProject;
			attributes = {
				CLASSPREFIX = AZ;
				LastUpgradeCheck = 1000;
				ORGANIZATIONNAME = "vladimir-shcherbakov";
			};
			buildConfigurationList = 6003F585195388D10070C39A /* Build configuration list for PBXProject "AzureClientRuntime" */;
			compatibilityVersion = "Xcode 3.2";
			developmentRegion = English;
			hasScannedForEncodings = 0;
			knownRegions = (
				en,
				Base,
			);
			mainGroup = 6003F581195388D10070C39A;
			productRefGroup = 6003F58B195388D20070C39A /* Products */;
			projectDirPath = "";
			projectRoot = "";
			targets = (
				6003F5AD195388D20070C39A /* AzureClientRuntime_Tests */,
			);
		};
/* End PBXProject section */

/* Begin PBXResourcesBuildPhase section */
		6003F5AC195388D20070C39A /* Resources */ = {
			isa = PBXResourcesBuildPhase;
			buildActionMask = 2147483647;
			files = (
				6003F5BA195388D20070C39A /* InfoPlist.strings in Resources */,
			);
			runOnlyForDeploymentPostprocessing = 0;
		};
/* End PBXResourcesBuildPhase section */

/* Begin PBXShellScriptBuildPhase section */
		2C16CFF96841EDFC7ACD69B1 /* [CP] Check Pods Manifest.lock */ = {
			isa = PBXShellScriptBuildPhase;
			buildActionMask = 2147483647;
			files = (
			);
			inputFileListPaths = (
			);
			inputPaths = (
				"${PODS_PODFILE_DIR_PATH}/Podfile.lock",
				"${PODS_ROOT}/Manifest.lock",
			);
			name = "[CP] Check Pods Manifest.lock";
			outputFileListPaths = (
			);
			outputPaths = (
				"$(DERIVED_FILE_DIR)/Pods-AzureClientRuntime_Tests-checkManifestLockResult.txt",
			);
			runOnlyForDeploymentPostprocessing = 0;
			shellPath = /bin/sh;
			shellScript = "diff \"${PODS_PODFILE_DIR_PATH}/Podfile.lock\" \"${PODS_ROOT}/Manifest.lock\" > /dev/null\nif [ $? != 0 ] ; then\n    # print error to STDERR\n    echo \"error: The sandbox is not in sync with the Podfile.lock. Run 'pod install' or update your CocoaPods installation.\" >&2\n    exit 1\nfi\n# This output is used by Xcode 'outputs' to avoid re-running this script phase.\necho \"SUCCESS\" > \"${SCRIPT_OUTPUT_FILE_0}\"\n";
			showEnvVarsInLog = 0;
		};
		BA324CCC30CBC2D985E5AC84 /* [CP] Embed Pods Frameworks */ = {
			isa = PBXShellScriptBuildPhase;
			buildActionMask = 2147483647;
			files = (
			);
			inputFileListPaths = (
			);
			inputPaths = (
				"${SRCROOT}/Pods/Target Support Files/Pods-AzureClientRuntime_Tests/Pods-AzureClientRuntime_Tests-frameworks.sh",
				"${BUILT_PRODUCTS_DIR}/AzureClientRuntime/AzureClientRuntime.framework",
			);
			name = "[CP] Embed Pods Frameworks";
			outputFileListPaths = (
			);
			outputPaths = (
				"${TARGET_BUILD_DIR}/${FRAMEWORKS_FOLDER_PATH}/AzureClientRuntime.framework",
			);
			runOnlyForDeploymentPostprocessing = 0;
			shellPath = /bin/sh;
			shellScript = "\"${SRCROOT}/Pods/Target Support Files/Pods-AzureClientRuntime_Tests/Pods-AzureClientRuntime_Tests-frameworks.sh\"\n";
			showEnvVarsInLog = 0;
		};
/* End PBXShellScriptBuildPhase section */

/* Begin PBXSourcesBuildPhase section */
		6003F5AA195388D20070C39A /* Sources */ = {
			isa = PBXSourcesBuildPhase;
			buildActionMask = 2147483647;
			files = (
				C89024472192238E00ECFF82 /* CLX_LongWrapper.m in Sources */,
				C89024592192238E00ECFF82 /* CLX_CMYKColors.m in Sources */,
				C890244A2192238E00ECFF82 /* CLX_DateWrapper.m in Sources */,
				C8FE023A2177F24C00D1FD2E /* Note.m in Sources */,
				C89024542192238E00ECFF82 /* CLX_Siamese.m in Sources */,
				C89023492191143D00ECFF82 /* FL_AutoRestSwaggerBATFileServiceService.m in Sources */,
				C8902358219115BA00ECFF82 /* ARR_Error.m in Sources */,
				C890245E2192238E00ECFF82 /* CLX_Salmon.m in Sources */,
				C89024532192238E00ECFF82 /* CLX_GoblinSharkColor.m in Sources */,
				C89024502192238E00ECFF82 /* CLX_Pet.m in Sources */,
				C8902359219115BA00ECFF82 /* ARR_FooEnum.m in Sources */,
				C89023482191143D00ECFF82 /* FL_Files.m in Sources */,
				C8FE023C2177F24C00D1FD2E /* SimpleModel.m in Sources */,
				C89024482192238E00ECFF82 /* CLX_Sawshark.m in Sources */,
				C89024512192238E00ECFF82 /* CLX_FloatWrapper.m in Sources */,
				C89024522192238E00ECFF82 /* CLX_ReadonlyObj.m in Sources */,
				C890245B2192238E00ECFF82 /* CLX_DurationWrapper.m in Sources */,
				C89024632192238E00ECFF82 /* CLX_Error.m in Sources */,
				C89024432192238E00ECFF82 /* CLX_AutoRestComplexTestServiceService.m in Sources */,
				C8FE023B2177F24C00D1FD2E /* ComplexModel.m in Sources */,
				C89024492192238E00ECFF82 /* CLX_Shark.m in Sources */,
				C890244E2192238E00ECFF82 /* CLX_DoubleWrapper.m in Sources */,
				C8FE01B72177F21000D1FD2E /* JsonCoderTests.m in Sources */,
				C89024602192238E00ECFF82 /* CLX_Dog.m in Sources */,
				C890235B219115BA00ECFF82 /* ARR_Arrays.m in Sources */,
				C890245A2192238E00ECFF82 /* CLX_IntWrapper.m in Sources */,
				C890244F2192238E00ECFF82 /* CLX_Datetimerfc1123Wrapper.m in Sources */,
				C890246C2192238E00ECFF82 /* CLX_Primitives.m in Sources */,
				C890245D2192238E00ECFF82 /* CLX_MyBaseType.m in Sources */,
				C890244D2192238E00ECFF82 /* CLX_Cat.m in Sources */,
				C890246D2192238E00ECFF82 /* CLX_AutoRestComplexTestServiceServiceTests.m in Sources */,
				C890244C2192238E00ECFF82 /* CLX_StringWrapper.m in Sources */,
				C89024462192238E00ECFF82 /* CLX_BooleanWrapper.m in Sources */,
				C89024582192238E00ECFF82 /* CLX_Goblinshark.m in Sources */,
				C8FE02392177F24C00D1FD2E /* BaseModel.m in Sources */,
				C890245F2192238E00ECFF82 /* CLX_DatetimeWrapper.m in Sources */,
				C890246B2192238E00ECFF82 /* CLX_Readonlypropertys.m in Sources */,
				C89024572192238E00ECFF82 /* CLX_Cookiecuttershark.m in Sources */,
				C89024652192238E00ECFF82 /* CLX_Basics.m in Sources */,
				C89024442192238E00ECFF82 /* CLX_DictionaryWrapper.m in Sources */,
				C890245C2192238E00ECFF82 /* CLX_MyKind.m in Sources */,
				C89024552192238E00ECFF82 /* CLX_Basic.m in Sources */,
				C89024642192238E00ECFF82 /* CLX_Inheritances.m in Sources */,
				C89024622192238E00ECFF82 /* CLX_Fish.m in Sources */,
				C89024612192238E00ECFF82 /* CLX_ByteWrapper.m in Sources */,
				C890246A2192238E00ECFF82 /* CLX_Polymorphisms.m in Sources */,
				C89024452192238E00ECFF82 /* CLX_SmartSalmon.m in Sources */,
				C8FE01B82177F21000D1FD2E /* RequestHelperTests.m in Sources */,
				C89023472191143D00ECFF82 /* FL_Error.m in Sources */,
				C890235C219115BA00ECFF82 /* ARR_AutoRestSwaggerBATArrayServiceServiceTests.m in Sources */,
				C890235D219115BA00ECFF82 /* ARR_AutoRestSwaggerBATArrayServiceService.m in Sources */,
				C89024662192238E00ECFF82 /* CLX_Flattencomplexs.m in Sources */,
				C89024672192238E00ECFF82 /* CLX_Polymorphicrecursives.m in Sources */,
				C89023462191143D00ECFF82 /* FL_AutoRestSwaggerBATFileServiceServiceTests.m in Sources */,
				C890235A219115BA00ECFF82 /* ARR_Product.m in Sources */,
				C89024682192238E00ECFF82 /* CLX_Dictionarys.m in Sources */,
				C89024692192238E00ECFF82 /* CLX_Arrays.m in Sources */,
				C890244B2192238E00ECFF82 /* CLX_ArrayWrapper.m in Sources */,
				C89024562192238E00ECFF82 /* CLX_MyDerivedType.m in Sources */,
			);
			runOnlyForDeploymentPostprocessing = 0;
		};
/* End PBXSourcesBuildPhase section */

/* Begin PBXVariantGroup section */
		6003F5B8195388D20070C39A /* InfoPlist.strings */ = {
			isa = PBXVariantGroup;
			children = (
				6003F5B9195388D20070C39A /* en */,
			);
			name = InfoPlist.strings;
			sourceTree = "<group>";
		};
/* End PBXVariantGroup section */

/* Begin XCBuildConfiguration section */
		6003F5BD195388D20070C39A /* Debug */ = {
			isa = XCBuildConfiguration;
			buildSettings = {
				ALWAYS_SEARCH_USER_PATHS = NO;
				CLANG_CXX_LANGUAGE_STANDARD = "gnu++0x";
				CLANG_CXX_LIBRARY = "libc++";
				CLANG_ENABLE_MODULES = YES;
				CLANG_ENABLE_OBJC_ARC = YES;
				CLANG_WARN_BLOCK_CAPTURE_AUTORELEASING = YES;
				CLANG_WARN_BOOL_CONVERSION = YES;
				CLANG_WARN_COMMA = YES;
				CLANG_WARN_CONSTANT_CONVERSION = YES;
				CLANG_WARN_DEPRECATED_OBJC_IMPLEMENTATIONS = YES;
				CLANG_WARN_DIRECT_OBJC_ISA_USAGE = YES_ERROR;
				CLANG_WARN_EMPTY_BODY = YES;
				CLANG_WARN_ENUM_CONVERSION = YES;
				CLANG_WARN_INFINITE_RECURSION = YES;
				CLANG_WARN_INT_CONVERSION = YES;
				CLANG_WARN_NON_LITERAL_NULL_CONVERSION = YES;
				CLANG_WARN_OBJC_IMPLICIT_RETAIN_SELF = YES;
				CLANG_WARN_OBJC_LITERAL_CONVERSION = YES;
				CLANG_WARN_OBJC_ROOT_CLASS = YES_ERROR;
				CLANG_WARN_RANGE_LOOP_ANALYSIS = YES;
				CLANG_WARN_STRICT_PROTOTYPES = YES;
				CLANG_WARN_SUSPICIOUS_MOVE = YES;
				CLANG_WARN_UNREACHABLE_CODE = YES;
				CLANG_WARN__DUPLICATE_METHOD_MATCH = YES;
				"CODE_SIGN_IDENTITY[sdk=iphoneos*]" = "iPhone Developer";
				COPY_PHASE_STRIP = NO;
				ENABLE_STRICT_OBJC_MSGSEND = YES;
				ENABLE_TESTABILITY = YES;
				GCC_C_LANGUAGE_STANDARD = gnu99;
				GCC_DYNAMIC_NO_PIC = NO;
				GCC_NO_COMMON_BLOCKS = YES;
				GCC_OPTIMIZATION_LEVEL = 0;
				GCC_PREPROCESSOR_DEFINITIONS = (
					"DEBUG=1",
					"$(inherited)",
				);
				GCC_SYMBOLS_PRIVATE_EXTERN = NO;
				GCC_WARN_64_TO_32_BIT_CONVERSION = YES;
				GCC_WARN_ABOUT_RETURN_TYPE = YES_ERROR;
				GCC_WARN_UNDECLARED_SELECTOR = YES;
				GCC_WARN_UNINITIALIZED_AUTOS = YES_AGGRESSIVE;
				GCC_WARN_UNUSED_FUNCTION = YES;
				GCC_WARN_UNUSED_VARIABLE = YES;
				IPHONEOS_DEPLOYMENT_TARGET = 9.3;
				ONLY_ACTIVE_ARCH = YES;
				SDKROOT = iphoneos;
				TARGETED_DEVICE_FAMILY = "1,2";
			};
			name = Debug;
		};
		6003F5BE195388D20070C39A /* Release */ = {
			isa = XCBuildConfiguration;
			buildSettings = {
				ALWAYS_SEARCH_USER_PATHS = NO;
				CLANG_CXX_LANGUAGE_STANDARD = "gnu++0x";
				CLANG_CXX_LIBRARY = "libc++";
				CLANG_ENABLE_MODULES = YES;
				CLANG_ENABLE_OBJC_ARC = YES;
				CLANG_WARN_BLOCK_CAPTURE_AUTORELEASING = YES;
				CLANG_WARN_BOOL_CONVERSION = YES;
				CLANG_WARN_COMMA = YES;
				CLANG_WARN_CONSTANT_CONVERSION = YES;
				CLANG_WARN_DEPRECATED_OBJC_IMPLEMENTATIONS = YES;
				CLANG_WARN_DIRECT_OBJC_ISA_USAGE = YES_ERROR;
				CLANG_WARN_EMPTY_BODY = YES;
				CLANG_WARN_ENUM_CONVERSION = YES;
				CLANG_WARN_INFINITE_RECURSION = YES;
				CLANG_WARN_INT_CONVERSION = YES;
				CLANG_WARN_NON_LITERAL_NULL_CONVERSION = YES;
				CLANG_WARN_OBJC_IMPLICIT_RETAIN_SELF = YES;
				CLANG_WARN_OBJC_LITERAL_CONVERSION = YES;
				CLANG_WARN_OBJC_ROOT_CLASS = YES_ERROR;
				CLANG_WARN_RANGE_LOOP_ANALYSIS = YES;
				CLANG_WARN_STRICT_PROTOTYPES = YES;
				CLANG_WARN_SUSPICIOUS_MOVE = YES;
				CLANG_WARN_UNREACHABLE_CODE = YES;
				CLANG_WARN__DUPLICATE_METHOD_MATCH = YES;
				"CODE_SIGN_IDENTITY[sdk=iphoneos*]" = "iPhone Developer";
				COPY_PHASE_STRIP = YES;
				ENABLE_NS_ASSERTIONS = NO;
				ENABLE_STRICT_OBJC_MSGSEND = YES;
				GCC_C_LANGUAGE_STANDARD = gnu99;
				GCC_NO_COMMON_BLOCKS = YES;
				GCC_WARN_64_TO_32_BIT_CONVERSION = YES;
				GCC_WARN_ABOUT_RETURN_TYPE = YES_ERROR;
				GCC_WARN_UNDECLARED_SELECTOR = YES;
				GCC_WARN_UNINITIALIZED_AUTOS = YES_AGGRESSIVE;
				GCC_WARN_UNUSED_FUNCTION = YES;
				GCC_WARN_UNUSED_VARIABLE = YES;
				IPHONEOS_DEPLOYMENT_TARGET = 9.3;
				SDKROOT = iphoneos;
				TARGETED_DEVICE_FAMILY = "1,2";
				VALIDATE_PRODUCT = YES;
			};
			name = Release;
		};
		6003F5C3195388D20070C39A /* Debug */ = {
			isa = XCBuildConfiguration;
			baseConfigurationReference = 212BA8904D600DCAD25A10F6 /* Pods-AzureClientRuntime_Tests.debug.xcconfig */;
			buildSettings = {
				FRAMEWORK_SEARCH_PATHS = "$(inherited)";
				GCC_PRECOMPILE_PREFIX_HEADER = YES;
				GCC_PREFIX_HEADER = "Tests/Tests-Prefix.pch";
				GCC_PREPROCESSOR_DEFINITIONS = (
					"DEBUG=1",
					"$(inherited)",
				);
				INFOPLIST_FILE = "Tests/Tests-Info.plist";
				PRODUCT_BUNDLE_IDENTIFIER = "org.cocoapods.demo.${PRODUCT_NAME:rfc1034identifier}";
				PRODUCT_NAME = "$(TARGET_NAME)";
				WRAPPER_EXTENSION = xctest;
			};
			name = Debug;
		};
		6003F5C4195388D20070C39A /* Release */ = {
			isa = XCBuildConfiguration;
			baseConfigurationReference = 890376FCA6AEF5FCE8A2DF47 /* Pods-AzureClientRuntime_Tests.release.xcconfig */;
			buildSettings = {
				FRAMEWORK_SEARCH_PATHS = "$(inherited)";
				GCC_PRECOMPILE_PREFIX_HEADER = YES;
				GCC_PREFIX_HEADER = "Tests/Tests-Prefix.pch";
				INFOPLIST_FILE = "Tests/Tests-Info.plist";
				PRODUCT_BUNDLE_IDENTIFIER = "org.cocoapods.demo.${PRODUCT_NAME:rfc1034identifier}";
				PRODUCT_NAME = "$(TARGET_NAME)";
				WRAPPER_EXTENSION = xctest;
			};
			name = Release;
		};
/* End XCBuildConfiguration section */

/* Begin XCConfigurationList section */
		6003F585195388D10070C39A /* Build configuration list for PBXProject "AzureClientRuntime" */ = {
			isa = XCConfigurationList;
			buildConfigurations = (
				6003F5BD195388D20070C39A /* Debug */,
				6003F5BE195388D20070C39A /* Release */,
			);
			defaultConfigurationIsVisible = 0;
			defaultConfigurationName = Release;
		};
		6003F5C2195388D20070C39A /* Build configuration list for PBXNativeTarget "AzureClientRuntime_Tests" */ = {
			isa = XCConfigurationList;
			buildConfigurations = (
				6003F5C3195388D20070C39A /* Debug */,
				6003F5C4195388D20070C39A /* Release */,
			);
			defaultConfigurationIsVisible = 0;
			defaultConfigurationName = Release;
		};
/* End XCConfigurationList section */
	};
	rootObject = 6003F582195388D10070C39A /* Project object */;
}
